
Microsoft Visual Studio Solution File, Format Version 12.00
# Visual Studio Version 16
VisualStudioVersion = 16.0.28729.10
MinimumVisualStudioVersion = 10.0.40219.1
Project("{2150E333-8FDC-42A3-9474-1A3956D46DE8}") = "UI", "UI", "{1FB7C29C-7F2F-4B32-A70F-51BEB1454581}"
EndProject
Project("{2150E333-8FDC-42A3-9474-1A3956D46DE8}") = "Services", "Services", "{0DE70FBF-020D-4164-ACB4-74DB5FA09813}"
EndProject
Project("{2150E333-8FDC-42A3-9474-1A3956D46DE8}") = "Common", "Common", "{C524CC04-A712-4D41-BFC4-4AD7433643ED}"
EndProject
Project("{9A19103F-16F7-4668-BE54-9A1E7A4F7556}") = "WebStore.Domain", "Common\WebStore.Domain\WebStore.Domain.csproj", "{6342FE12-028E-4CC9-A690-30212B7EB9FC}"
EndProject
Project("{9A19103F-16F7-4668-BE54-9A1E7A4F7556}") = "WebStore.DAL", "Services\WebStore.DAL\WebStore.DAL.csproj", "{C3724A74-DE8A-441C-B008-D9A03C553F68}"
EndProject
Project("{9A19103F-16F7-4668-BE54-9A1E7A4F7556}") = "WebStore", "UI\WebStore\WebStore.csproj", "{CE4FC5F3-5269-4B51-94A4-09C686679EFF}"
EndProject
Project("{9A19103F-16F7-4668-BE54-9A1E7A4F7556}") = "WebStore.ServiceHosting", "Services\WebStore.ServiceHosting\WebStore.ServiceHosting.csproj", "{D096F123-8B68-4044-A8DE-2779A7894E40}"
EndProject
Project("{9A19103F-16F7-4668-BE54-9A1E7A4F7556}") = "WebStore.Interfaces", "Services\WebStore.Interfaces\WebStore.Interfaces.csproj", "{94DAB5FC-1EAD-427B-B05D-F7D727548FAD}"
EndProject
Project("{9A19103F-16F7-4668-BE54-9A1E7A4F7556}") = "WebStore.Services", "Services\WebStore.Services\WebStore.Services.csproj", "{042A8CB5-8995-4D4C-B1A9-50D689FD4767}"
EndProject
Project("{9A19103F-16F7-4668-BE54-9A1E7A4F7556}") = "WebStore.Clients", "Services\WebStore.Clients\WebStore.Clients.csproj", "{44808BB7-F489-4DE1-9F3E-94A3560DEA47}"
EndProject
Project("{FAE04EC0-301F-11D3-BF4B-00C04F79EFBC}") = "WebStore.Logger", "Common\WebStore.Logger\WebStore.Logger.csproj", "{93552158-6614-40C8-AB2C-458C7CACAC34}"
EndProject
Global
	GlobalSection(SolutionConfigurationPlatforms) = preSolution
		Debug|Any CPU = Debug|Any CPU
		Release|Any CPU = Release|Any CPU
	EndGlobalSection
	GlobalSection(ProjectConfigurationPlatforms) = postSolution
		{6342FE12-028E-4CC9-A690-30212B7EB9FC}.Debug|Any CPU.ActiveCfg = Debug|Any CPU
		{6342FE12-028E-4CC9-A690-30212B7EB9FC}.Debug|Any CPU.Build.0 = Debug|Any CPU
		{6342FE12-028E-4CC9-A690-30212B7EB9FC}.Release|Any CPU.ActiveCfg = Release|Any CPU
		{6342FE12-028E-4CC9-A690-30212B7EB9FC}.Release|Any CPU.Build.0 = Release|Any CPU
		{C3724A74-DE8A-441C-B008-D9A03C553F68}.Debug|Any CPU.ActiveCfg = Debug|Any CPU
		{C3724A74-DE8A-441C-B008-D9A03C553F68}.Debug|Any CPU.Build.0 = Debug|Any CPU
		{C3724A74-DE8A-441C-B008-D9A03C553F68}.Release|Any CPU.ActiveCfg = Release|Any CPU
		{C3724A74-DE8A-441C-B008-D9A03C553F68}.Release|Any CPU.Build.0 = Release|Any CPU
		{CE4FC5F3-5269-4B51-94A4-09C686679EFF}.Debug|Any CPU.ActiveCfg = Debug|Any CPU
		{CE4FC5F3-5269-4B51-94A4-09C686679EFF}.Debug|Any CPU.Build.0 = Debug|Any CPU
		{CE4FC5F3-5269-4B51-94A4-09C686679EFF}.Release|Any CPU.ActiveCfg = Release|Any CPU
		{CE4FC5F3-5269-4B51-94A4-09C686679EFF}.Release|Any CPU.Build.0 = Release|Any CPU
		{D096F123-8B68-4044-A8DE-2779A7894E40}.Debug|Any CPU.ActiveCfg = Debug|Any CPU
		{D096F123-8B68-4044-A8DE-2779A7894E40}.Debug|Any CPU.Build.0 = Debug|Any CPU
		{D096F123-8B68-4044-A8DE-2779A7894E40}.Release|Any CPU.ActiveCfg = Release|Any CPU
		{D096F123-8B68-4044-A8DE-2779A7894E40}.Release|Any CPU.Build.0 = Release|Any CPU
		{94DAB5FC-1EAD-427B-B05D-F7D727548FAD}.Debug|Any CPU.ActiveCfg = Debug|Any CPU
		{94DAB5FC-1EAD-427B-B05D-F7D727548FAD}.Debug|Any CPU.Build.0 = Debug|Any CPU
		{94DAB5FC-1EAD-427B-B05D-F7D727548FAD}.Release|Any CPU.ActiveCfg = Release|Any CPU
		{94DAB5FC-1EAD-427B-B05D-F7D727548FAD}.Release|Any CPU.Build.0 = Release|Any CPU
		{042A8CB5-8995-4D4C-B1A9-50D689FD4767}.Debug|Any CPU.ActiveCfg = Debug|Any CPU
		{042A8CB5-8995-4D4C-B1A9-50D689FD4767}.Debug|Any CPU.Build.0 = Debug|Any CPU
		{042A8CB5-8995-4D4C-B1A9-50D689FD4767}.Release|Any CPU.ActiveCfg = Release|Any CPU
		{042A8CB5-8995-4D4C-B1A9-50D689FD4767}.Release|Any CPU.Build.0 = Release|Any CPU
		{44808BB7-F489-4DE1-9F3E-94A3560DEA47}.Debug|Any CPU.ActiveCfg = Debug|Any CPU
		{44808BB7-F489-4DE1-9F3E-94A3560DEA47}.Debug|Any CPU.Build.0 = Debug|Any CPU
		{44808BB7-F489-4DE1-9F3E-94A3560DEA47}.Release|Any CPU.ActiveCfg = Release|Any CPU
		{44808BB7-F489-4DE1-9F3E-94A3560DEA47}.Release|Any CPU.Build.0 = Release|Any CPU
		{93552158-6614-40C8-AB2C-458C7CACAC34}.Debug|Any CPU.ActiveCfg = Debug|Any CPU
		{93552158-6614-40C8-AB2C-458C7CACAC34}.Debug|Any CPU.Build.0 = Debug|Any CPU
		{93552158-6614-40C8-AB2C-458C7CACAC34}.Release|Any CPU.ActiveCfg = Release|Any CPU
		{93552158-6614-40C8-AB2C-458C7CACAC34}.Release|Any CPU.Build.0 = Release|Any CPU
	EndGlobalSection
	GlobalSection(SolutionProperties) = preSolution
		HideSolutionNode = FALSE
	EndGlobalSection
	GlobalSection(NestedProjects) = preSolution
		{6342FE12-028E-4CC9-A690-30212B7EB9FC} = {C524CC04-A712-4D41-BFC4-4AD7433643ED}
		{C3724A74-DE8A-441C-B008-D9A03C553F68} = {0DE70FBF-020D-4164-ACB4-74DB5FA09813}
		{CE4FC5F3-5269-4B51-94A4-09C686679EFF} = {1FB7C29C-7F2F-4B32-A70F-51BEB1454581}
		{D096F123-8B68-4044-A8DE-2779A7894E40} = {0DE70FBF-020D-4164-ACB4-74DB5FA09813}
		{94DAB5FC-1EAD-427B-B05D-F7D727548FAD} = {0DE70FBF-020D-4164-ACB4-74DB5FA09813}
		{042A8CB5-8995-4D4C-B1A9-50D689FD4767} = {0DE70FBF-020D-4164-ACB4-74DB5FA09813}
		{44808BB7-F489-4DE1-9F3E-94A3560DEA47} = {0DE70FBF-020D-4164-ACB4-74DB5FA09813}
		{93552158-6614-40C8-AB2C-458C7CACAC34} = {C524CC04-A712-4D41-BFC4-4AD7433643ED}
	EndGlobalSection
	GlobalSection(ExtensibilityGlobals) = postSolution
		SolutionGuid = {4E50736C-937D-41A4-B9AA-F79FFDB6A160}
	EndGlobalSection
EndGlobal
